// !$*UTF8*$!
{
	archiveVersion = 1;
	classes = {
	};
	objectVersion = 56;
	objects = {

/* Begin PBXBuildFile section */
		3113D3933685990F9350DA08 /* Pods_ios_tasks_app.framework in Frameworks */ = {isa = PBXBuildFile; fileRef = 38F374EA68F5EC57BD3D7476 /* Pods_ios_tasks_app.framework */; };
		D778A80F29F13FCA00D0D5AC /* AppDelegate.swift in Sources */ = {isa = PBXBuildFile; fileRef = D778A80E29F13FCA00D0D5AC /* AppDelegate.swift */; };
		D778A81129F13FCA00D0D5AC /* SceneDelegate.swift in Sources */ = {isa = PBXBuildFile; fileRef = D778A81029F13FCA00D0D5AC /* SceneDelegate.swift */; };
		D778A81329F13FCA00D0D5AC /* ViewController.swift in Sources */ = {isa = PBXBuildFile; fileRef = D778A81229F13FCA00D0D5AC /* ViewController.swift */; };
		D778A81629F13FCA00D0D5AC /* Main.storyboard in Resources */ = {isa = PBXBuildFile; fileRef = D778A81429F13FCA00D0D5AC /* Main.storyboard */; };
		D778A81829F13FCB00D0D5AC /* Assets.xcassets in Resources */ = {isa = PBXBuildFile; fileRef = D778A81729F13FCB00D0D5AC /* Assets.xcassets */; };
		D778A81B29F13FCB00D0D5AC /* LaunchScreen.storyboard in Resources */ = {isa = PBXBuildFile; fileRef = D778A81929F13FCB00D0D5AC /* LaunchScreen.storyboard */; };
		D778A82329F1403200D0D5AC /* Podfile in Resources */ = {isa = PBXBuildFile; fileRef = D778A82229F1403200D0D5AC /* Podfile */; };
/* End PBXBuildFile section */

/* Begin PBXFileReference section */
		38F374EA68F5EC57BD3D7476 /* Pods_ios_tasks_app.framework */ = {isa = PBXFileReference; explicitFileType = wrapper.framework; includeInIndex = 0; path = Pods_ios_tasks_app.framework; sourceTree = BUILT_PRODUCTS_DIR; };
		6FE67434DB3D66A0161289F3 /* Pods-ios-tasks-app.release.xcconfig */ = {isa = PBXFileReference; includeInIndex = 1; lastKnownFileType = text.xcconfig; name = "Pods-ios-tasks-app.release.xcconfig"; path = "Target Support Files/Pods-ios-tasks-app/Pods-ios-tasks-app.release.xcconfig"; sourceTree = "<group>"; };
		B104B475E3757601905F4739 /* Pods-ios-tasks-app.debug.xcconfig */ = {isa = PBXFileReference; includeInIndex = 1; lastKnownFileType = text.xcconfig; name = "Pods-ios-tasks-app.debug.xcconfig"; path = "Target Support Files/Pods-ios-tasks-app/Pods-ios-tasks-app.debug.xcconfig"; sourceTree = "<group>"; };
		D778A80B29F13FCA00D0D5AC /* ios-tasks-app.app */ = {isa = PBXFileReference; explicitFileType = wrapper.application; includeInIndex = 0; path = "ios-tasks-app.app"; sourceTree = BUILT_PRODUCTS_DIR; };
		D778A80E29F13FCA00D0D5AC /* AppDelegate.swift */ = {isa = PBXFileReference; lastKnownFileType = sourcecode.swift; path = AppDelegate.swift; sourceTree = "<group>"; };
		D778A81029F13FCA00D0D5AC /* SceneDelegate.swift */ = {isa = PBXFileReference; lastKnownFileType = sourcecode.swift; path = SceneDelegate.swift; sourceTree = "<group>"; };
		D778A81229F13FCA00D0D5AC /* ViewController.swift */ = {isa = PBXFileReference; lastKnownFileType = sourcecode.swift; path = ViewController.swift; sourceTree = "<group>"; };
		D778A81529F13FCA00D0D5AC /* Base */ = {isa = PBXFileReference; lastKnownFileType = file.storyboard; name = Base; path = Base.lproj/Main.storyboard; sourceTree = "<group>"; };
		D778A81729F13FCB00D0D5AC /* Assets.xcassets */ = {isa = PBXFileReference; lastKnownFileType = folder.assetcatalog; path = Assets.xcassets; sourceTree = "<group>"; };
		D778A81A29F13FCB00D0D5AC /* Base */ = {isa = PBXFileReference; lastKnownFileType = file.storyboard; name = Base; path = Base.lproj/LaunchScreen.storyboard; sourceTree = "<group>"; };
		D778A81C29F13FCB00D0D5AC /* Info.plist */ = {isa = PBXFileReference; lastKnownFileType = text.plist.xml; path = Info.plist; sourceTree = "<group>"; };
		D778A82229F1403200D0D5AC /* Podfile */ = {isa = PBXFileReference; fileEncoding = 4; lastKnownFileType = text; path = Podfile; sourceTree = "<group>"; };
/* End PBXFileReference section */

/* Begin PBXFrameworksBuildPhase section */
		D778A80829F13FCA00D0D5AC /* Frameworks */ = {
			isa = PBXFrameworksBuildPhase;
			buildActionMask = 2147483647;
			files = (
				3113D3933685990F9350DA08 /* Pods_ios_tasks_app.framework in Frameworks */,
			);
			runOnlyForDeploymentPostprocessing = 0;
		};
/* End PBXFrameworksBuildPhase section */

/* Begin PBXGroup section */
		A8559E8E4C75D2585E8980EA /* Frameworks */ = {
			isa = PBXGroup;
			children = (
				38F374EA68F5EC57BD3D7476 /* Pods_ios_tasks_app.framework */,
			);
			name = Frameworks;
			sourceTree = "<group>";
		};
		B88D585848A5B3FCFBD5C556 /* Pods */ = {
			isa = PBXGroup;
			children = (
				B104B475E3757601905F4739 /* Pods-ios-tasks-app.debug.xcconfig */,
				6FE67434DB3D66A0161289F3 /* Pods-ios-tasks-app.release.xcconfig */,
			);
			name = Pods;
			path = Pods;
			sourceTree = "<group>";
		};
		D778A80229F13FCA00D0D5AC = {
			isa = PBXGroup;
			children = (
				D778A82229F1403200D0D5AC /* Podfile */,
				D778A80D29F13FCA00D0D5AC /* ios-taks-app */,
				D778A80C29F13FCA00D0D5AC /* Products */,
				B88D585848A5B3FCFBD5C556 /* Pods */,
				A8559E8E4C75D2585E8980EA /* Frameworks */,
			);
			sourceTree = "<group>";
		};
		D778A80C29F13FCA00D0D5AC /* Products */ = {
			isa = PBXGroup;
			children = (
				D778A80B29F13FCA00D0D5AC /* ios-tasks-app.app */,
			);
			name = Products;
			sourceTree = "<group>";
		};
		D778A80D29F13FCA00D0D5AC /* ios-taks-app */ = {
			isa = PBXGroup;
			children = (
				D778A80E29F13FCA00D0D5AC /* AppDelegate.swift */,
				D778A81029F13FCA00D0D5AC /* SceneDelegate.swift */,
				D778A81229F13FCA00D0D5AC /* ViewController.swift */,
				D778A81429F13FCA00D0D5AC /* Main.storyboard */,
				D778A81729F13FCB00D0D5AC /* Assets.xcassets */,
				D778A81929F13FCB00D0D5AC /* LaunchScreen.storyboard */,
				D778A81C29F13FCB00D0D5AC /* Info.plist */,
			);
			path = "ios-taks-app";
			sourceTree = "<group>";
		};
/* End PBXGroup section */

/* Begin PBXNativeTarget section */
		D778A80A29F13FCA00D0D5AC /* ios-tasks-app */ = {
			isa = PBXNativeTarget;
			buildConfigurationList = D778A81F29F13FCB00D0D5AC /* Build configuration list for PBXNativeTarget "ios-tasks-app" */;
			buildPhases = (
				355A7ED54B9DD813F30B9DB3 /* [CP] Check Pods Manifest.lock */,
				D778A80729F13FCA00D0D5AC /* Sources */,
				D778A80829F13FCA00D0D5AC /* Frameworks */,
				D778A80929F13FCA00D0D5AC /* Resources */,
				E9324F4F0B5621F5848387AF /* [CP] Embed Pods Frameworks */,
			);
			buildRules = (
			);
			dependencies = (
			);
			name = "ios-tasks-app";
			productName = "ios-taks-app";
			productReference = D778A80B29F13FCA00D0D5AC /* ios-tasks-app.app */;
			productType = "com.apple.product-type.application";
		};
/* End PBXNativeTarget section */

/* Begin PBXProject section */
		D778A80329F13FCA00D0D5AC /* Project object */ = {
			isa = PBXProject;
			attributes = {
				BuildIndependentTargetsInParallel = 1;
				LastSwiftUpdateCheck = 1430;
				LastUpgradeCheck = 1430;
				TargetAttributes = {
					D778A80A29F13FCA00D0D5AC = {
						CreatedOnToolsVersion = 14.3;
					};
				};
			};
			buildConfigurationList = D778A80629F13FCA00D0D5AC /* Build configuration list for PBXProject "ios-tasks-app" */;
			compatibilityVersion = "Xcode 14.0";
			developmentRegion = en;
			hasScannedForEncodings = 0;
			knownRegions = (
				en,
				Base,
			);
			mainGroup = D778A80229F13FCA00D0D5AC;
			productRefGroup = D778A80C29F13FCA00D0D5AC /* Products */;
			projectDirPath = "";
			projectRoot = "";
			targets = (
				D778A80A29F13FCA00D0D5AC /* ios-tasks-app */,
			);
		};
/* End PBXProject section */

/* Begin PBXResourcesBuildPhase section */
		D778A80929F13FCA00D0D5AC /* Resources */ = {
			isa = PBXResourcesBuildPhase;
			buildActionMask = 2147483647;
			files = (
				D778A81B29F13FCB00D0D5AC /* LaunchScreen.storyboard in Resources */,
				D778A81829F13FCB00D0D5AC /* Assets.xcassets in Resources */,
				D778A82329F1403200D0D5AC /* Podfile in Resources */,
				D778A81629F13FCA00D0D5AC /* Main.storyboard in Resources */,
			);
			runOnlyForDeploymentPostprocessing = 0;
		};
/* End PBXResourcesBuildPhase section */

/* Begin PBXShellScriptBuildPhase section */
		355A7ED54B9DD813F30B9DB3 /* [CP] Check Pods Manifest.lock */ = {
			isa = PBXShellScriptBuildPhase;
			buildActionMask = 2147483647;
			files = (
			);
			inputFileListPaths = (
			);
			inputPaths = (
				"${PODS_PODFILE_DIR_PATH}/Podfile.lock",
				"${PODS_ROOT}/Manifest.lock",
			);
			name = "[CP] Check Pods Manifest.lock";
			outputFileListPaths = (
			);
			outputPaths = (
				"$(DERIVED_FILE_DIR)/Pods-ios-tasks-app-checkManifestLockResult.txt",
			);
			runOnlyForDeploymentPostprocessing = 0;
			shellPath = /bin/sh;
			shellScript = "diff \"${PODS_PODFILE_DIR_PATH}/Podfile.lock\" \"${PODS_ROOT}/Manifest.lock\" > /dev/null\nif [ $? != 0 ] ; then\n    # print error to STDERR\n    echo \"error: The sandbox is not in sync with the Podfile.lock. Run 'pod install' or update your CocoaPods installation.\" >&2\n    exit 1\nfi\n# This output is used by Xcode 'outputs' to avoid re-running this script phase.\necho \"SUCCESS\" > \"${SCRIPT_OUTPUT_FILE_0}\"\n";
			showEnvVarsInLog = 0;
		};
		E9324F4F0B5621F5848387AF /* [CP] Embed Pods Frameworks */ = {
			isa = PBXShellScriptBuildPhase;
			buildActionMask = 2147483647;
			files = (
			);
			inputFileListPaths = (
				"${PODS_ROOT}/Target Support Files/Pods-ios-tasks-app/Pods-ios-tasks-app-frameworks-${CONFIGURATION}-input-files.xcfilelist",
			);
			name = "[CP] Embed Pods Frameworks";
			outputFileListPaths = (
				"${PODS_ROOT}/Target Support Files/Pods-ios-tasks-app/Pods-ios-tasks-app-frameworks-${CONFIGURATION}-output-files.xcfilelist",
			);
			runOnlyForDeploymentPostprocessing = 0;
			shellPath = /bin/sh;
			shellScript = "\"${PODS_ROOT}/Target Support Files/Pods-ios-tasks-app/Pods-ios-tasks-app-frameworks.sh\"\n";
			showEnvVarsInLog = 0;
		};
/* End PBXShellScriptBuildPhase section */

/* Begin PBXSourcesBuildPhase section */
		D778A80729F13FCA00D0D5AC /* Sources */ = {
			isa = PBXSourcesBuildPhase;
			buildActionMask = 2147483647;
			files = (
				D778A81329F13FCA00D0D5AC /* ViewController.swift in Sources */,
				D778A80F29F13FCA00D0D5AC /* AppDelegate.swift in Sources */,
				D778A81129F13FCA00D0D5AC /* SceneDelegate.swift in Sources */,
			);
			runOnlyForDeploymentPostprocessing = 0;
		};
/* End PBXSourcesBuildPhase section */

/* Begin PBXVariantGroup section */
		D778A81429F13FCA00D0D5AC /* Main.storyboard */ = {
			isa = PBXVariantGroup;
			children = (
				D778A81529F13FCA00D0D5AC /* Base */,
			);
			name = Main.storyboard;
			sourceTree = "<group>";
		};
		D778A81929F13FCB00D0D5AC /* LaunchScreen.storyboard */ = {
			isa = PBXVariantGroup;
			children = (
				D778A81A29F13FCB00D0D5AC /* Base */,
			);
			name = LaunchScreen.storyboard;
			sourceTree = "<group>";
		};
/* End PBXVariantGroup section */

/* Begin XCBuildConfiguration section */
		D778A81D29F13FCB00D0D5AC /* Debug */ = {
			isa = XCBuildConfiguration;
			buildSettings = {
				ALWAYS_SEARCH_USER_PATHS = NO;
				CLANG_ANALYZER_NONNULL = YES;
				CLANG_ANALYZER_NUMBER_OBJECT_CONVERSION = YES_AGGRESSIVE;
				CLANG_CXX_LANGUAGE_STANDARD = "gnu++20";
				CLANG_ENABLE_MODULES = YES;
				CLANG_ENABLE_OBJC_ARC = YES;
				CLANG_ENABLE_OBJC_WEAK = YES;
				CLANG_WARN_BLOCK_CAPTURE_AUTORELEASING = YES;
				CLANG_WARN_BOOL_CONVERSION = YES;
				CLANG_WARN_COMMA = YES;
				CLANG_WARN_CONSTANT_CONVERSION = YES;
				CLANG_WARN_DEPRECATED_OBJC_IMPLEMENTATIONS = YES;
				CLANG_WARN_DIRECT_OBJC_ISA_USAGE = YES_ERROR;
				CLANG_WARN_DOCUMENTATION_COMMENTS = YES;
				CLANG_WARN_EMPTY_BODY = YES;
				CLANG_WARN_ENUM_CONVERSION = YES;
				CLANG_WARN_INFINITE_RECURSION = YES;
				CLANG_WARN_INT_CONVERSION = YES;
				CLANG_WARN_NON_LITERAL_NULL_CONVERSION = YES;
				CLANG_WARN_OBJC_IMPLICIT_RETAIN_SELF = YES;
				CLANG_WARN_OBJC_LITERAL_CONVERSION = YES;
				CLANG_WARN_OBJC_ROOT_CLASS = YES_ERROR;
				CLANG_WARN_QUOTED_INCLUDE_IN_FRAMEWORK_HEADER = YES;
				CLANG_WARN_RANGE_LOOP_ANALYSIS = YES;
				CLANG_WARN_STRICT_PROTOTYPES = YES;
				CLANG_WARN_SUSPICIOUS_MOVE = YES;
				CLANG_WARN_UNGUARDED_AVAILABILITY = YES_AGGRESSIVE;
				CLANG_WARN_UNREACHABLE_CODE = YES;
				CLANG_WARN__DUPLICATE_METHOD_MATCH = YES;
				COPY_PHASE_STRIP = NO;
				DEBUG_INFORMATION_FORMAT = dwarf;
				ENABLE_STRICT_OBJC_MSGSEND = YES;
				ENABLE_TESTABILITY = YES;
				GCC_C_LANGUAGE_STANDARD = gnu11;
				GCC_DYNAMIC_NO_PIC = NO;
				GCC_NO_COMMON_BLOCKS = YES;
				GCC_OPTIMIZATION_LEVEL = 0;
				GCC_PREPROCESSOR_DEFINITIONS = (
					"DEBUG=1",
					"$(inherited)",
				);
				GCC_WARN_64_TO_32_BIT_CONVERSION = YES;
				GCC_WARN_ABOUT_RETURN_TYPE = YES_ERROR;
				GCC_WARN_UNDECLARED_SELECTOR = YES;
				GCC_WARN_UNINITIALIZED_AUTOS = YES_AGGRESSIVE;
				GCC_WARN_UNUSED_FUNCTION = YES;
				GCC_WARN_UNUSED_VARIABLE = YES;
				IPHONEOS_DEPLOYMENT_TARGET = 16.4;
				MTL_ENABLE_DEBUG_INFO = INCLUDE_SOURCE;
				MTL_FAST_MATH = YES;
				ONLY_ACTIVE_ARCH = YES;
				SDKROOT = iphoneos;
				SWIFT_ACTIVE_COMPILATION_CONDITIONS = DEBUG;
				SWIFT_OPTIMIZATION_LEVEL = "-Onone";
			};
			name = Debug;
		};
		D778A81E29F13FCB00D0D5AC /* Release */ = {
			isa = XCBuildConfiguration;
			buildSettings = {
				ALWAYS_SEARCH_USER_PATHS = NO;
				CLANG_ANALYZER_NONNULL = YES;
				CLANG_ANALYZER_NUMBER_OBJECT_CONVERSION = YES_AGGRESSIVE;
				CLANG_CXX_LANGUAGE_STANDARD = "gnu++20";
				CLANG_ENABLE_MODULES = YES;
				CLANG_ENABLE_OBJC_ARC = YES;
				CLANG_ENABLE_OBJC_WEAK = YES;
				CLANG_WARN_BLOCK_CAPTURE_AUTORELEASING = YES;
				CLANG_WARN_BOOL_CONVERSION = YES;
				CLANG_WARN_COMMA = YES;
				CLANG_WARN_CONSTANT_CONVERSION = YES;
				CLANG_WARN_DEPRECATED_OBJC_IMPLEMENTATIONS = YES;
				CLANG_WARN_DIRECT_OBJC_ISA_USAGE = YES_ERROR;
				CLANG_WARN_DOCUMENTATION_COMMENTS = YES;
				CLANG_WARN_EMPTY_BODY = YES;
				CLANG_WARN_ENUM_CONVERSION = YES;
				CLANG_WARN_INFINITE_RECURSION = YES;
				CLANG_WARN_INT_CONVERSION = YES;
				CLANG_WARN_NON_LITERAL_NULL_CONVERSION = YES;
				CLANG_WARN_OBJC_IMPLICIT_RETAIN_SELF = YES;
				CLANG_WARN_OBJC_LITERAL_CONVERSION = YES;
				CLANG_WARN_OBJC_ROOT_CLASS = YES_ERROR;
				CLANG_WARN_QUOTED_INCLUDE_IN_FRAMEWORK_HEADER = YES;
				CLANG_WARN_RANGE_LOOP_ANALYSIS = YES;
				CLANG_WARN_STRICT_PROTOTYPES = YES;
				CLANG_WARN_SUSPICIOUS_MOVE = YES;
				CLANG_WARN_UNGUARDED_AVAILABILITY = YES_AGGRESSIVE;
				CLANG_WARN_UNREACHABLE_CODE = YES;
				CLANG_WARN__DUPLICATE_METHOD_MATCH = YES;
				COPY_PHASE_STRIP = NO;
				DEBUG_INFORMATION_FORMAT = "dwarf-with-dsym";
				ENABLE_NS_ASSERTIONS = NO;
				ENABLE_STRICT_OBJC_MSGSEND = YES;
				GCC_C_LANGUAGE_STANDARD = gnu11;
				GCC_NO_COMMON_BLOCKS = YES;
				GCC_WARN_64_TO_32_BIT_CONVERSION = YES;
				GCC_WARN_ABOUT_RETURN_TYPE = YES_ERROR;
				GCC_WARN_UNDECLARED_SELECTOR = YES;
				GCC_WARN_UNINITIALIZED_AUTOS = YES_AGGRESSIVE;
				GCC_WARN_UNUSED_FUNCTION = YES;
				GCC_WARN_UNUSED_VARIABLE = YES;
				IPHONEOS_DEPLOYMENT_TARGET = 16.4;
				MTL_ENABLE_DEBUG_INFO = NO;
				MTL_FAST_MATH = YES;
				SDKROOT = iphoneos;
				SWIFT_COMPILATION_MODE = wholemodule;
				SWIFT_OPTIMIZATION_LEVEL = "-O";
				VALIDATE_PRODUCT = YES;
			};
			name = Release;
		};
		D778A82029F13FCB00D0D5AC /* Debug */ = {
			isa = XCBuildConfiguration;
			baseConfigurationReference = B104B475E3757601905F4739 /* Pods-ios-tasks-app.debug.xcconfig */;
			buildSettings = {
				ASSETCATALOG_COMPILER_APPICON_NAME = AppIcon;
				ASSETCATALOG_COMPILER_GLOBAL_ACCENT_COLOR_NAME = AccentColor;
				CODE_SIGN_STYLE = Automatic;
				CURRENT_PROJECT_VERSION = 1;
				GENERATE_INFOPLIST_FILE = YES;
				INFOPLIST_FILE = "ios-taks-app/Info.plist";
				INFOPLIST_KEY_UIApplicationSupportsIndirectInputEvents = YES;
				INFOPLIST_KEY_UILaunchStoryboardName = LaunchScreen;
				INFOPLIST_KEY_UIMainStoryboardFile = Main;
				INFOPLIST_KEY_UISupportedInterfaceOrientations_iPad = "UIInterfaceOrientationPortrait UIInterfaceOrientationPortraitUpsideDown UIInterfaceOrientationLandscapeLeft UIInterfaceOrientationLandscapeRight";
				INFOPLIST_KEY_UISupportedInterfaceOrientations_iPhone = "UIInterfaceOrientationPortrait UIInterfaceOrientationLandscapeLeft UIInterfaceOrientationLandscapeRight";
				LD_RUNPATH_SEARCH_PATHS = (
					"$(inherited)",
					"@executable_path/Frameworks",
				);
				MARKETING_VERSION = 1.0;
				PRODUCT_BUNDLE_IDENTIFIER = "com.ios-taks-app";
				PRODUCT_NAME = "$(TARGET_NAME)";
				SWIFT_EMIT_LOC_STRINGS = YES;
				SWIFT_VERSION = 5.0;
				TARGETED_DEVICE_FAMILY = "1,2";
			};
			name = Debug;
		};
		D778A82129F13FCB00D0D5AC /* Release */ = {
			isa = XCBuildConfiguration;
			baseConfigurationReference = 6FE67434DB3D66A0161289F3 /* Pods-ios-tasks-app.release.xcconfig */;
			buildSettings = {
				ASSETCATALOG_COMPILER_APPICON_NAME = AppIcon;
				ASSETCATALOG_COMPILER_GLOBAL_ACCENT_COLOR_NAME = AccentColor;
				CODE_SIGN_STYLE = Automatic;
				CURRENT_PROJECT_VERSION = 1;
				GENERATE_INFOPLIST_FILE = YES;
				INFOPLIST_FILE = "ios-taks-app/Info.plist";
				INFOPLIST_KEY_UIApplicationSupportsIndirectInputEvents = YES;
				INFOPLIST_KEY_UILaunchStoryboardName = LaunchScreen;
				INFOPLIST_KEY_UIMainStoryboardFile = Main;
				INFOPLIST_KEY_UISupportedInterfaceOrientations_iPad = "UIInterfaceOrientationPortrait UIInterfaceOrientationPortraitUpsideDown UIInterfaceOrientationLandscapeLeft UIInterfaceOrientationLandscapeRight";
				INFOPLIST_KEY_UISupportedInterfaceOrientations_iPhone = "UIInterfaceOrientationPortrait UIInterfaceOrientationLandscapeLeft UIInterfaceOrientationLandscapeRight";
				LD_RUNPATH_SEARCH_PATHS = (
					"$(inherited)",
					"@executable_path/Frameworks",
				);
				MARKETING_VERSION = 1.0;
				PRODUCT_BUNDLE_IDENTIFIER = "com.ios-taks-app";
				PRODUCT_NAME = "$(TARGET_NAME)";
				SWIFT_EMIT_LOC_STRINGS = YES;
				SWIFT_VERSION = 5.0;
				TARGETED_DEVICE_FAMILY = "1,2";
			};
			name = Release;
		};
/* End XCBuildConfiguration section */

/* Begin XCConfigurationList section */
		D778A80629F13FCA00D0D5AC /* Build configuration list for PBXProject "ios-tasks-app" */ = {
			isa = XCConfigurationList;
			buildConfigurations = (
				D778A81D29F13FCB00D0D5AC /* Debug */,
				D778A81E29F13FCB00D0D5AC /* Release */,
			);
			defaultConfigurationIsVisible = 0;
			defaultConfigurationName = Release;
		};
		D778A81F29F13FCB00D0D5AC /* Build configuration list for PBXNativeTarget "ios-tasks-app" */ = {
			isa = XCConfigurationList;
			buildConfigurations = (
				D778A82029F13FCB00D0D5AC /* Debug */,
				D778A82129F13FCB00D0D5AC /* Release */,
			);
			defaultConfigurationIsVisible = 0;
			defaultConfigurationName = Release;
		};
/* End XCConfigurationList section */
	};
	rootObject = D778A80329F13FCA00D0D5AC /* Project object */;
}
